<?xml version="1.0" encoding="utf-8"?>
<Project ToolsVersion="4.0" xmlns="http://schemas.microsoft.com/developer/msbuild/2003">
  <ItemGroup>
    <Filter Include="Memory">
      <UniqueIdentifier>{23a43b28-1999-4254-81be-af864b24521b}</UniqueIdentifier>
    </Filter>
    <Filter Include="Common">
      <UniqueIdentifier>{0f1fbaf9-4e2e-43e3-b4b5-74fee84ca84d}</UniqueIdentifier>
    </Filter>
    <Filter Include="Common\Exceptions">
      <UniqueIdentifier>{3377a208-cb4b-40f7-8d5e-5ff70ee17e0e}</UniqueIdentifier>
    </Filter>
    <Filter Include="HW">
      <UniqueIdentifier>{31f5fbe0-1d2e-42f2-9bf1-7358563e8e3c}</UniqueIdentifier>
    </Filter>
    <Filter Include="HW\CPU">
      <UniqueIdentifier>{28ccffa4-9c8c-463e-bc08-46a025248322}</UniqueIdentifier>
    </Filter>
    <Filter Include="Common\Logs">
      <UniqueIdentifier>{16b5f90f-ad67-4a06-b0da-414d6c19ad24}</UniqueIdentifier>
    </Filter>
    <Filter Include="HW\PIC">
      <UniqueIdentifier>{746b1e19-b257-45cd-a769-52ec2b17c699}</UniqueIdentifier>
    </Filter>
    <Filter Include="HW\Devices">
      <UniqueIdentifier>{b445f9a7-bf85-4f2e-884e-baa63f0924c2}</UniqueIdentifier>
    </Filter>
  </ItemGroup>
  <ItemGroup>
    <ClCompile Include="main.cpp" />
    <ClCompile Include="Emulator.cpp" />
    <ClCompile Include="Memory\Unibus.cpp">
      <Filter>Memory</Filter>
    </ClCompile>
    <ClCompile Include="Common\Exceptions\Error.cpp">
      <Filter>Common\Exceptions</Filter>
    </ClCompile>
    <ClCompile Include="Memory\DirectMemoryRegion.cpp">
      <Filter>Memory</Filter>
    </ClCompile>
    <ClCompile Include="Memory\MemoryRegion.cpp">
      <Filter>Memory</Filter>
    </ClCompile>
    <ClCompile Include="HW\CPU\CPU.cpp">
      <Filter>HW\CPU</Filter>
    </ClCompile>
    <ClCompile Include="HW\CPU\Decoder.cpp">
      <Filter>HW\CPU</Filter>
    </ClCompile>
    <ClCompile Include="HW\CPU\Executer.cpp">
      <Filter>HW\CPU</Filter>
    </ClCompile>
    <ClCompile Include="Common\Logs\BaseLog.cpp">
      <Filter>Common\Logs</Filter>
    </ClCompile>
    <ClCompile Include="HW\PIC\PriorityInterruptController.cpp">
      <Filter>HW\PIC</Filter>
    </ClCompile>
    <ClCompile Include="HW\PIC\IRQ_Line.cpp">
      <Filter>HW\PIC</Filter>
    </ClCompile>
    <ClCompile Include="HW\Devices\KeyBoard.cpp">
      <Filter>HW\Devices</Filter>
    </ClCompile>
  </ItemGroup>
  <ItemGroup>
    <ClInclude Include="Emulator.h" />
    <ClInclude Include="Memory\MemoryRegion.h">
      <Filter>Memory</Filter>
    </ClInclude>
    <ClInclude Include="Common\Types.h">
      <Filter>Common</Filter>
    </ClInclude>
    <ClInclude Include="Memory\Unibus.h">
      <Filter>Memory</Filter>
    </ClInclude>
    <ClInclude Include="Common\Exceptions\Error.h">
      <Filter>Common\Exceptions</Filter>
    </ClInclude>
    <ClInclude Include="Memory\DirectMemoryRegion.h">
      <Filter>Memory</Filter>
    </ClInclude>
    <ClInclude Include="HW\CPU\CPU.h">
      <Filter>HW\CPU</Filter>
    </ClInclude>
    <ClInclude Include="HW\CPU\Decoder.h">
      <Filter>HW\CPU</Filter>
    </ClInclude>
    <ClInclude Include="Common\Instruction.h">
      <Filter>Common</Filter>
    </ClInclude>
    <ClInclude Include="Memory\MemoryRegionInformation.h">
      <Filter>Memory</Filter>
    </ClInclude>
    <ClInclude Include="HW\CPU\FlagRegister.h">
      <Filter>HW\CPU</Filter>
    </ClInclude>
    <ClInclude Include="HW\CPU\Executer.h">
      <Filter>HW\CPU</Filter>
    </ClInclude>
    <ClInclude Include="Common\Logs\BaseLog.h">
      <Filter>Common\Logs</Filter>
    </ClInclude>
    <ClInclude Include="Common\Logs\LogType.h">
      <Filter>Common\Logs</Filter>
    </ClInclude>
    <ClInclude Include="Common\Logs\Logs.h">
      <Filter>Common\Logs</Filter>
    </ClInclude>
    <ClInclude Include="HW\PIC\PriorityInterruptController.h">
      <Filter>HW\PIC</Filter>
    </ClInclude>
    <ClInclude Include="HW\PIC\IRQ_Line.h">
      <Filter>HW\PIC</Filter>
    </ClInclude>
    <ClInclude Include="HW\PIC\InterruptVector.h">
      <Filter>HW\PIC</Filter>
    </ClInclude>
    <ClInclude Include="HW\Devices\Device.h">
      <Filter>HW\Devices</Filter>
    </ClInclude>
    <ClInclude Include="HW\Devices\KeyBoard.h">
      <Filter>HW\Devices</Filter>
    </ClInclude>
    <ClInclude Include="HW\PIC\Interrupts.h">
      <Filter>HW\PIC</Filter>
    </ClInclude>
    <ClInclude Include="HW\Devices\Input.h">
      <Filter>HW\Devices</Filter>
    </ClInclude>
  </ItemGroup>
</Project>